
Microsoft Visual Studio Solution File, Format Version 12.00
# Visual Studio Version 16
VisualStudioVersion = 16.0.810.18
MinimumVisualStudioVersion = 10.0.40219.1
Project("{FAE04EC0-301F-11D3-BF4B-00C04F79EFBC}") = "breakroutines", "breakroutines\breakroutines.csproj", "{3D579E5D-DCDB-4A1E-8D5A-C514F2523BBF}"
EndProject
Global
	GlobalSection(SolutionConfigurationPlatforms) = preSolution
		Debug|Any CPU = Debug|Any CPU
		Release|Any CPU = Release|Any CPU
	EndGlobalSection
	GlobalSection(ProjectConfigurationPlatforms) = postSolution
		{3D579E5D-DCDB-4A1E-8D5A-C514F2523BBF}.Debug|Any CPU.ActiveCfg = Debug|Any CPU
		{3D579E5D-DCDB-4A1E-8D5A-C514F2523BBF}.Debug|Any CPU.Build.0 = Debug|Any CPU
		{3D579E5D-DCDB-4A1E-8D5A-C514F2523BBF}.Release|Any CPU.ActiveCfg = Release|Any CPU
		{3D579E5D-DCDB-4A1E-8D5A-C514F2523BBF}.Release|Any CPU.Build.0 = Release|Any CPU
	EndGlobalSection
	GlobalSection(SolutionProperties) = preSolution
		HideSolutionNode = FALSE
	EndGlobalSection
	GlobalSection(ExtensibilityGlobals) = postSolution
		SolutionGuid = {DEE8118E-8600-477E-861B-E9B766F0F91B}
	EndGlobalSection
EndGlobal
